// !$*UTF8*$!
{
	archiveVersion = 1;
	classes = {
	};
	objectVersion = 51;
	objects = {

/* Begin PBXBuildFile section */
		13108F092586EC00003BFFD5 /* Color.xcassets in Resources */ = {isa = PBXBuildFile; fileRef = 13108F082586EC00003BFFD5 /* Color.xcassets */; };
		13108F332586F409003BFFD5 /* Extensions.swift in Sources */ = {isa = PBXBuildFile; fileRef = 13108F322586F409003BFFD5 /* Extensions.swift */; };
		13108F532586F93F003BFFD5 /* Assets+Generated.swift in Sources */ = {isa = PBXBuildFile; fileRef = 13108F522586F93F003BFFD5 /* Assets+Generated.swift */; };
		13108F6A25871DEB003BFFD5 /* TraceLog.swift in Sources */ = {isa = PBXBuildFile; fileRef = 13108F6925871DEB003BFFD5 /* TraceLog.swift */; };
		13108FC42587507E003BFFD5 /* lottie-developer.json in Resources */ = {isa = PBXBuildFile; fileRef = 13108FC32587507E003BFFD5 /* lottie-developer.json */; };
		137B905A258334BC00300DC5 /* AppDelegate.swift in Sources */ = {isa = PBXBuildFile; fileRef = 137B9059258334BC00300DC5 /* AppDelegate.swift */; };
		137B905C258334BC00300DC5 /* SceneDelegate.swift in Sources */ = {isa = PBXBuildFile; fileRef = 137B905B258334BC00300DC5 /* SceneDelegate.swift */; };
		137B905E258334BC00300DC5 /* MainViewController.swift in Sources */ = {isa = PBXBuildFile; fileRef = 137B905D258334BC00300DC5 /* MainViewController.swift */; };
		137B9061258334BC00300DC5 /* Main.storyboard in Resources */ = {isa = PBXBuildFile; fileRef = 137B905F258334BC00300DC5 /* Main.storyboard */; };
		137B9063258334BD00300DC5 /* Assets.xcassets in Resources */ = {isa = PBXBuildFile; fileRef = 137B9062258334BD00300DC5 /* Assets.xcassets */; };
		137B9066258334BD00300DC5 /* LaunchScreen.storyboard in Resources */ = {isa = PBXBuildFile; fileRef = 137B9064258334BD00300DC5 /* LaunchScreen.storyboard */; };
		137B9071258334BD00300DC5 /* AppTestProjectTests.swift in Sources */ = {isa = PBXBuildFile; fileRef = 137B9070258334BD00300DC5 /* AppTestProjectTests.swift */; };
		137B907C258334BD00300DC5 /* AppTestProjectUITests.swift in Sources */ = {isa = PBXBuildFile; fileRef = 137B907B258334BD00300DC5 /* AppTestProjectUITests.swift */; };
		137B908A2583452500300DC5 /* Year.swift in Sources */ = {isa = PBXBuildFile; fileRef = 137B90892583452500300DC5 /* Year.swift */; };
		13938A7C25887749000E2A3B /* LaunchSplashView.storyboard in Resources */ = {isa = PBXBuildFile; fileRef = 13938A7B25887749000E2A3B /* LaunchSplashView.storyboard */; };
		13938A82258877AA000E2A3B /* LaunchSplashView.swift in Sources */ = {isa = PBXBuildFile; fileRef = 13938A81258877AA000E2A3B /* LaunchSplashView.swift */; };
		13938ABA258898DE000E2A3B /* ToastMessage.swift in Sources */ = {isa = PBXBuildFile; fileRef = 13938AB9258898DE000E2A3B /* ToastMessage.swift */; };
		2318E486575C4ABB3BCC1F31 /* Pods_AppTestProjectTests.framework in Frameworks */ = {isa = PBXBuildFile; fileRef = C735A18B1057DD46833A403B /* Pods_AppTestProjectTests.framework */; };
		53312F16AF662E5E6D1A1E4F /* Pods_AppTestProject_AppTestProjectUITests.framework in Frameworks */ = {isa = PBXBuildFile; fileRef = 338B729C6DD0ABD7AD7DD5B2 /* Pods_AppTestProject_AppTestProjectUITests.framework */; };
		B92586EF259AB91E008DC9A2 /* AppVersionCheck.swift in Sources */ = {isa = PBXBuildFile; fileRef = B92586EE259AB91E008DC9A2 /* AppVersionCheck.swift */; };
		B92586F4259AF67F008DC9A2 /* Reachability.swift in Sources */ = {isa = PBXBuildFile; fileRef = B92586F3259AF67F008DC9A2 /* Reachability.swift */; };
		B9411D302593183300F9945D /* DeviceInfo.swift in Sources */ = {isa = PBXBuildFile; fileRef = B9411D2F2593183300F9945D /* DeviceInfo.swift */; };
		B95A6E342591AD5D00AB985E /* Main.storyboard in Resources */ = {isa = PBXBuildFile; fileRef = 137B905F258334BC00300DC5 /* Main.storyboard */; };
		B95A6E382591AD6000AB985E /* Main.storyboard in Resources */ = {isa = PBXBuildFile; fileRef = 137B905F258334BC00300DC5 /* Main.storyboard */; };
		B9A826F62599BEDE008258A0 /* WebViewController.swift in Sources */ = {isa = PBXBuildFile; fileRef = B9A826F52599BEDE008258A0 /* WebViewController.swift */; };
		B9A826FE2599BF20008258A0 /* WebViewModel.swift in Sources */ = {isa = PBXBuildFile; fileRef = B9A826FD2599BF20008258A0 /* WebViewModel.swift */; };
		B9A827032599BF29008258A0 /* WebModel.swift in Sources */ = {isa = PBXBuildFile; fileRef = B9A827022599BF29008258A0 /* WebModel.swift */; };
		B9A827092599CA43008258A0 /* TestListViewController.swift in Sources */ = {isa = PBXBuildFile; fileRef = B9A827082599CA43008258A0 /* TestListViewController.swift */; };
		B9A8270E2599CA52008258A0 /* TestListViewModel.swift in Sources */ = {isa = PBXBuildFile; fileRef = B9A8270D2599CA52008258A0 /* TestListViewModel.swift */; };
		B9A827132599CA5E008258A0 /* TestListModel.swift in Sources */ = {isa = PBXBuildFile; fileRef = B9A827122599CA5E008258A0 /* TestListModel.swift */; };
		B9A82718259A0127008258A0 /* WebKit.framework in Frameworks */ = {isa = PBXBuildFile; fileRef = B9A82717259A0127008258A0 /* WebKit.framework */; };
		B9AD90632594516300DFB5B9 /* MainViewModel.swift in Sources */ = {isa = PBXBuildFile; fileRef = B9AD90622594516300DFB5B9 /* MainViewModel.swift */; };
		D1C378A25C8BB4566B28F8B6 /* Pods_AppTestProject.framework in Frameworks */ = {isa = PBXBuildFile; fileRef = 658DFB979BE4F8BFB82A1784 /* Pods_AppTestProject.framework */; };
/* End PBXBuildFile section */

/* Begin PBXContainerItemProxy section */
		137B906D258334BD00300DC5 /* PBXContainerItemProxy */ = {
			isa = PBXContainerItemProxy;
			containerPortal = 137B904E258334BC00300DC5 /* Project object */;
			proxyType = 1;
			remoteGlobalIDString = 137B9055258334BC00300DC5;
			remoteInfo = AppTestProject;
		};
		137B9078258334BD00300DC5 /* PBXContainerItemProxy */ = {
			isa = PBXContainerItemProxy;
			containerPortal = 137B904E258334BC00300DC5 /* Project object */;
			proxyType = 1;
			remoteGlobalIDString = 137B9055258334BC00300DC5;
			remoteInfo = AppTestProject;
		};
/* End PBXContainerItemProxy section */

/* Begin PBXFileReference section */
		13108F082586EC00003BFFD5 /* Color.xcassets */ = {isa = PBXFileReference; lastKnownFileType = folder.assetcatalog; path = Color.xcassets; sourceTree = "<group>"; };
		13108F322586F409003BFFD5 /* Extensions.swift */ = {isa = PBXFileReference; lastKnownFileType = sourcecode.swift; path = Extensions.swift; sourceTree = "<group>"; };
		13108F522586F93F003BFFD5 /* Assets+Generated.swift */ = {isa = PBXFileReference; fileEncoding = 4; lastKnownFileType = sourcecode.swift; path = "Assets+Generated.swift"; sourceTree = "<group>"; };
		13108F6925871DEB003BFFD5 /* TraceLog.swift */ = {isa = PBXFileReference; lastKnownFileType = sourcecode.swift; path = TraceLog.swift; sourceTree = "<group>"; };
		13108FC32587507E003BFFD5 /* lottie-developer.json */ = {isa = PBXFileReference; fileEncoding = 4; lastKnownFileType = text.json; path = "lottie-developer.json"; sourceTree = "<group>"; };
		137B9056258334BC00300DC5 /* AppTestProject.app */ = {isa = PBXFileReference; explicitFileType = wrapper.application; includeInIndex = 0; path = AppTestProject.app; sourceTree = BUILT_PRODUCTS_DIR; };
		137B9059258334BC00300DC5 /* AppDelegate.swift */ = {isa = PBXFileReference; lastKnownFileType = sourcecode.swift; path = AppDelegate.swift; sourceTree = "<group>"; };
		137B905B258334BC00300DC5 /* SceneDelegate.swift */ = {isa = PBXFileReference; lastKnownFileType = sourcecode.swift; path = SceneDelegate.swift; sourceTree = "<group>"; };
		137B905D258334BC00300DC5 /* MainViewController.swift */ = {isa = PBXFileReference; lastKnownFileType = sourcecode.swift; path = MainViewController.swift; sourceTree = "<group>"; };
		137B9060258334BC00300DC5 /* Base */ = {isa = PBXFileReference; lastKnownFileType = file.storyboard; name = Base; path = Base.lproj/Main.storyboard; sourceTree = "<group>"; };
		137B9062258334BD00300DC5 /* Assets.xcassets */ = {isa = PBXFileReference; lastKnownFileType = folder.assetcatalog; path = Assets.xcassets; sourceTree = "<group>"; };
		137B9065258334BD00300DC5 /* Base */ = {isa = PBXFileReference; lastKnownFileType = file.storyboard; name = Base; path = Base.lproj/LaunchScreen.storyboard; sourceTree = "<group>"; };
		137B9067258334BD00300DC5 /* Info.plist */ = {isa = PBXFileReference; lastKnownFileType = text.plist.xml; path = Info.plist; sourceTree = "<group>"; };
		137B906C258334BD00300DC5 /* AppTestProjectTests.xctest */ = {isa = PBXFileReference; explicitFileType = wrapper.cfbundle; includeInIndex = 0; path = AppTestProjectTests.xctest; sourceTree = BUILT_PRODUCTS_DIR; };
		137B9070258334BD00300DC5 /* AppTestProjectTests.swift */ = {isa = PBXFileReference; lastKnownFileType = sourcecode.swift; path = AppTestProjectTests.swift; sourceTree = "<group>"; };
		137B9072258334BD00300DC5 /* Info.plist */ = {isa = PBXFileReference; lastKnownFileType = text.plist.xml; path = Info.plist; sourceTree = "<group>"; };
		137B9077258334BD00300DC5 /* AppTestProjectUITests.xctest */ = {isa = PBXFileReference; explicitFileType = wrapper.cfbundle; includeInIndex = 0; path = AppTestProjectUITests.xctest; sourceTree = BUILT_PRODUCTS_DIR; };
		137B907B258334BD00300DC5 /* AppTestProjectUITests.swift */ = {isa = PBXFileReference; lastKnownFileType = sourcecode.swift; path = AppTestProjectUITests.swift; sourceTree = "<group>"; };
		137B907D258334BD00300DC5 /* Info.plist */ = {isa = PBXFileReference; lastKnownFileType = text.plist.xml; path = Info.plist; sourceTree = "<group>"; };
		137B90892583452500300DC5 /* Year.swift */ = {isa = PBXFileReference; lastKnownFileType = sourcecode.swift; path = Year.swift; sourceTree = "<group>"; };
		13938A7B25887749000E2A3B /* LaunchSplashView.storyboard */ = {isa = PBXFileReference; lastKnownFileType = file.storyboard; path = LaunchSplashView.storyboard; sourceTree = "<group>"; };
		13938A81258877AA000E2A3B /* LaunchSplashView.swift */ = {isa = PBXFileReference; lastKnownFileType = sourcecode.swift; path = LaunchSplashView.swift; sourceTree = "<group>"; };
		13938AB9258898DE000E2A3B /* ToastMessage.swift */ = {isa = PBXFileReference; lastKnownFileType = sourcecode.swift; path = ToastMessage.swift; sourceTree = "<group>"; };
		1D9BEA6191BDC47F02480A34 /* Pods-AppTestProject-AppTestProjectUITests.release.xcconfig */ = {isa = PBXFileReference; includeInIndex = 1; lastKnownFileType = text.xcconfig; name = "Pods-AppTestProject-AppTestProjectUITests.release.xcconfig"; path = "Target Support Files/Pods-AppTestProject-AppTestProjectUITests/Pods-AppTestProject-AppTestProjectUITests.release.xcconfig"; sourceTree = "<group>"; };
		338B729C6DD0ABD7AD7DD5B2 /* Pods_AppTestProject_AppTestProjectUITests.framework */ = {isa = PBXFileReference; explicitFileType = wrapper.framework; includeInIndex = 0; path = Pods_AppTestProject_AppTestProjectUITests.framework; sourceTree = BUILT_PRODUCTS_DIR; };
		4B5907F57404DB42C991B016 /* Pods-AppTestProject.debug.xcconfig */ = {isa = PBXFileReference; includeInIndex = 1; lastKnownFileType = text.xcconfig; name = "Pods-AppTestProject.debug.xcconfig"; path = "Target Support Files/Pods-AppTestProject/Pods-AppTestProject.debug.xcconfig"; sourceTree = "<group>"; };
		658DFB979BE4F8BFB82A1784 /* Pods_AppTestProject.framework */ = {isa = PBXFileReference; explicitFileType = wrapper.framework; includeInIndex = 0; path = Pods_AppTestProject.framework; sourceTree = BUILT_PRODUCTS_DIR; };
		6D87316BB4D86903CB4E3A15 /* Pods-AppTestProjectTests.debug.xcconfig */ = {isa = PBXFileReference; includeInIndex = 1; lastKnownFileType = text.xcconfig; name = "Pods-AppTestProjectTests.debug.xcconfig"; path = "Target Support Files/Pods-AppTestProjectTests/Pods-AppTestProjectTests.debug.xcconfig"; sourceTree = "<group>"; };
		84ECBBD4303B454E0E447453 /* Pods-AppTestProject.release.xcconfig */ = {isa = PBXFileReference; includeInIndex = 1; lastKnownFileType = text.xcconfig; name = "Pods-AppTestProject.release.xcconfig"; path = "Target Support Files/Pods-AppTestProject/Pods-AppTestProject.release.xcconfig"; sourceTree = "<group>"; };
		A5391159E321CCEEC0D162CC /* Pods-AppTestProjectTests.release.xcconfig */ = {isa = PBXFileReference; includeInIndex = 1; lastKnownFileType = text.xcconfig; name = "Pods-AppTestProjectTests.release.xcconfig"; path = "Target Support Files/Pods-AppTestProjectTests/Pods-AppTestProjectTests.release.xcconfig"; sourceTree = "<group>"; };
		B92586EE259AB91E008DC9A2 /* AppVersionCheck.swift */ = {isa = PBXFileReference; lastKnownFileType = sourcecode.swift; path = AppVersionCheck.swift; sourceTree = "<group>"; };
		B92586F3259AF67F008DC9A2 /* Reachability.swift */ = {isa = PBXFileReference; lastKnownFileType = sourcecode.swift; path = Reachability.swift; sourceTree = "<group>"; };
		B9411D2F2593183300F9945D /* DeviceInfo.swift */ = {isa = PBXFileReference; lastKnownFileType = sourcecode.swift; path = DeviceInfo.swift; sourceTree = "<group>"; };
		B9A826F52599BEDE008258A0 /* WebViewController.swift */ = {isa = PBXFileReference; lastKnownFileType = sourcecode.swift; path = WebViewController.swift; sourceTree = "<group>"; };
		B9A826FD2599BF20008258A0 /* WebViewModel.swift */ = {isa = PBXFileReference; lastKnownFileType = sourcecode.swift; path = WebViewModel.swift; sourceTree = "<group>"; };
		B9A827022599BF29008258A0 /* WebModel.swift */ = {isa = PBXFileReference; lastKnownFileType = sourcecode.swift; path = WebModel.swift; sourceTree = "<group>"; };
		B9A827082599CA43008258A0 /* TestListViewController.swift */ = {isa = PBXFileReference; lastKnownFileType = sourcecode.swift; path = TestListViewController.swift; sourceTree = "<group>"; };
		B9A8270D2599CA52008258A0 /* TestListViewModel.swift */ = {isa = PBXFileReference; lastKnownFileType = sourcecode.swift; path = TestListViewModel.swift; sourceTree = "<group>"; };
		B9A827122599CA5E008258A0 /* TestListModel.swift */ = {isa = PBXFileReference; lastKnownFileType = sourcecode.swift; path = TestListModel.swift; sourceTree = "<group>"; };
		B9A82717259A0127008258A0 /* WebKit.framework */ = {isa = PBXFileReference; lastKnownFileType = wrapper.framework; name = WebKit.framework; path = System/Library/Frameworks/WebKit.framework; sourceTree = SDKROOT; };
		B9AD90622594516300DFB5B9 /* MainViewModel.swift */ = {isa = PBXFileReference; lastKnownFileType = sourcecode.swift; path = MainViewModel.swift; sourceTree = "<group>"; };
		C735A18B1057DD46833A403B /* Pods_AppTestProjectTests.framework */ = {isa = PBXFileReference; explicitFileType = wrapper.framework; includeInIndex = 0; path = Pods_AppTestProjectTests.framework; sourceTree = BUILT_PRODUCTS_DIR; };
		DF30ACD64AA8ADF82A07EBDF /* Pods-AppTestProject-AppTestProjectUITests.debug.xcconfig */ = {isa = PBXFileReference; includeInIndex = 1; lastKnownFileType = text.xcconfig; name = "Pods-AppTestProject-AppTestProjectUITests.debug.xcconfig"; path = "Target Support Files/Pods-AppTestProject-AppTestProjectUITests/Pods-AppTestProject-AppTestProjectUITests.debug.xcconfig"; sourceTree = "<group>"; };
/* End PBXFileReference section */

/* Begin PBXFrameworksBuildPhase section */
		137B9053258334BC00300DC5 /* Frameworks */ = {
			isa = PBXFrameworksBuildPhase;
			buildActionMask = 2147483647;
			files = (
				B9A82718259A0127008258A0 /* WebKit.framework in Frameworks */,
				D1C378A25C8BB4566B28F8B6 /* Pods_AppTestProject.framework in Frameworks */,
			);
			runOnlyForDeploymentPostprocessing = 0;
		};
		137B9069258334BD00300DC5 /* Frameworks */ = {
			isa = PBXFrameworksBuildPhase;
			buildActionMask = 2147483647;
			files = (
				2318E486575C4ABB3BCC1F31 /* Pods_AppTestProjectTests.framework in Frameworks */,
			);
			runOnlyForDeploymentPostprocessing = 0;
		};
		137B9074258334BD00300DC5 /* Frameworks */ = {
			isa = PBXFrameworksBuildPhase;
			buildActionMask = 2147483647;
			files = (
				53312F16AF662E5E6D1A1E4F /* Pods_AppTestProject_AppTestProjectUITests.framework in Frameworks */,
			);
			runOnlyForDeploymentPostprocessing = 0;
		};
/* End PBXFrameworksBuildPhase section */

/* Begin PBXGroup section */
		13108F042586EBBD003BFFD5 /* Resource */ = {
			isa = PBXGroup;
			children = (
				13108FC22587506A003BFFD5 /* Images */,
				137B9062258334BD00300DC5 /* Assets.xcassets */,
				13108F082586EC00003BFFD5 /* Color.xcassets */,
			);
			path = Resource;
			sourceTree = "<group>";
		};
		13108F6825871DDB003BFFD5 /* Utils */ = {
			isa = PBXGroup;
			children = (
				13108F322586F409003BFFD5 /* Extensions.swift */,
				B9411D2F2593183300F9945D /* DeviceInfo.swift */,
				B92586EE259AB91E008DC9A2 /* AppVersionCheck.swift */,
				13108F6925871DEB003BFFD5 /* TraceLog.swift */,
				13938AB9258898DE000E2A3B /* ToastMessage.swift */,
				B92586F3259AF67F008DC9A2 /* Reachability.swift */,
			);
			path = Utils;
			sourceTree = "<group>";
		};
		13108FC22587506A003BFFD5 /* Images */ = {
			isa = PBXGroup;
			children = (
				13108FC32587507E003BFFD5 /* lottie-developer.json */,
			);
			path = Images;
			sourceTree = "<group>";
		};
		137B904D258334BC00300DC5 = {
			isa = PBXGroup;
			children = (
				13108F522586F93F003BFFD5 /* Assets+Generated.swift */,
				137B9058258334BC00300DC5 /* AppTestProject */,
				137B906F258334BD00300DC5 /* AppTestProjectTests */,
				137B907A258334BD00300DC5 /* AppTestProjectUITests */,
				137B9057258334BC00300DC5 /* Products */,
				FD2B65F60190724C9FEFC07F /* Pods */,
				79A10BE275906C6BEB0010C5 /* Frameworks */,
			);
			sourceTree = "<group>";
		};
		137B9057258334BC00300DC5 /* Products */ = {
			isa = PBXGroup;
			children = (
				137B9056258334BC00300DC5 /* AppTestProject.app */,
				137B906C258334BD00300DC5 /* AppTestProjectTests.xctest */,
				137B9077258334BD00300DC5 /* AppTestProjectUITests.xctest */,
			);
			name = Products;
			sourceTree = "<group>";
		};
		137B9058258334BC00300DC5 /* AppTestProject */ = {
			isa = PBXGroup;
			children = (
				13108F042586EBBD003BFFD5 /* Resource */,
				13938A9525887E79000E2A3B /* SampleCode */,
				13108F6825871DDB003BFFD5 /* Utils */,
				137B905B258334BC00300DC5 /* SceneDelegate.swift */,
				137B9059258334BC00300DC5 /* AppDelegate.swift */,
				B9AD906A2594574800DFB5B9 /* AppStoryBoard */,
				13938AC72588A5DF000E2A3B /* MainView */,
				B9A827072599CA20008258A0 /* TestListView */,
				B9A826F42599BE82008258A0 /* WebView */,
				13938A802588774E000E2A3B /* SplashView */,
				137B9064258334BD00300DC5 /* LaunchScreen.storyboard */,
				137B9067258334BD00300DC5 /* Info.plist */,
			);
			path = AppTestProject;
			sourceTree = "<group>";
		};
		137B906F258334BD00300DC5 /* AppTestProjectTests */ = {
			isa = PBXGroup;
			children = (
				137B9070258334BD00300DC5 /* AppTestProjectTests.swift */,
				137B9072258334BD00300DC5 /* Info.plist */,
			);
			path = AppTestProjectTests;
			sourceTree = "<group>";
		};
		137B907A258334BD00300DC5 /* AppTestProjectUITests */ = {
			isa = PBXGroup;
			children = (
				137B907B258334BD00300DC5 /* AppTestProjectUITests.swift */,
				137B907D258334BD00300DC5 /* Info.plist */,
			);
			path = AppTestProjectUITests;
			sourceTree = "<group>";
		};
		13938A802588774E000E2A3B /* SplashView */ = {
			isa = PBXGroup;
			children = (
				13938A81258877AA000E2A3B /* LaunchSplashView.swift */,
				13938A7B25887749000E2A3B /* LaunchSplashView.storyboard */,
			);
			path = SplashView;
			sourceTree = "<group>";
		};
		13938A9525887E79000E2A3B /* SampleCode */ = {
			isa = PBXGroup;
			children = (
				137B90892583452500300DC5 /* Year.swift */,
			);
			path = SampleCode;
			sourceTree = "<group>";
		};
		13938AC72588A5DF000E2A3B /* MainView */ = {
			isa = PBXGroup;
			children = (
				137B905D258334BC00300DC5 /* MainViewController.swift */,
				B9AD90622594516300DFB5B9 /* MainViewModel.swift */,
			);
			path = MainView;
			sourceTree = "<group>";
		};
		79A10BE275906C6BEB0010C5 /* Frameworks */ = {
			isa = PBXGroup;
			children = (
				B9A82717259A0127008258A0 /* WebKit.framework */,
				658DFB979BE4F8BFB82A1784 /* Pods_AppTestProject.framework */,
				338B729C6DD0ABD7AD7DD5B2 /* Pods_AppTestProject_AppTestProjectUITests.framework */,
				C735A18B1057DD46833A403B /* Pods_AppTestProjectTests.framework */,
			);
			name = Frameworks;
			sourceTree = "<group>";
		};
		B9A826F42599BE82008258A0 /* WebView */ = {
			isa = PBXGroup;
			children = (
				B9A826F52599BEDE008258A0 /* WebViewController.swift */,
				B9A826FD2599BF20008258A0 /* WebViewModel.swift */,
				B9A827022599BF29008258A0 /* WebModel.swift */,
			);
			path = WebView;
			sourceTree = "<group>";
		};
		B9A827072599CA20008258A0 /* TestListView */ = {
			isa = PBXGroup;
			children = (
				B9A827082599CA43008258A0 /* TestListViewController.swift */,
				B9A8270D2599CA52008258A0 /* TestListViewModel.swift */,
				B9A827122599CA5E008258A0 /* TestListModel.swift */,
			);
			path = TestListView;
			sourceTree = "<group>";
		};
		B9AD906A2594574800DFB5B9 /* AppStoryBoard */ = {
			isa = PBXGroup;
			children = (
				137B905F258334BC00300DC5 /* Main.storyboard */,
			);
			path = AppStoryBoard;
			sourceTree = "<group>";
		};
		FD2B65F60190724C9FEFC07F /* Pods */ = {
			isa = PBXGroup;
			children = (
				4B5907F57404DB42C991B016 /* Pods-AppTestProject.debug.xcconfig */,
				84ECBBD4303B454E0E447453 /* Pods-AppTestProject.release.xcconfig */,
				DF30ACD64AA8ADF82A07EBDF /* Pods-AppTestProject-AppTestProjectUITests.debug.xcconfig */,
				1D9BEA6191BDC47F02480A34 /* Pods-AppTestProject-AppTestProjectUITests.release.xcconfig */,
				6D87316BB4D86903CB4E3A15 /* Pods-AppTestProjectTests.debug.xcconfig */,
				A5391159E321CCEEC0D162CC /* Pods-AppTestProjectTests.release.xcconfig */,
			);
			path = Pods;
			sourceTree = "<group>";
		};
/* End PBXGroup section */

/* Begin PBXNativeTarget section */
		137B9055258334BC00300DC5 /* AppTestProject */ = {
			isa = PBXNativeTarget;
			buildConfigurationList = 137B9080258334BD00300DC5 /* Build configuration list for PBXNativeTarget "AppTestProject" */;
			buildPhases = (
				5C2B01C03A8BA59176147185 /* [CP] Check Pods Manifest.lock */,
				137B9052258334BC00300DC5 /* Sources */,
				137B9053258334BC00300DC5 /* Frameworks */,
				137B9054258334BC00300DC5 /* Resources */,
				13108F222586F2F6003BFFD5 /* ShellScript */,
				4A4F5C048EAEE367EF6C9AB8 /* [CP] Embed Pods Frameworks */,
			);
			buildRules = (
			);
			dependencies = (
			);
			name = AppTestProject;
			productName = AppTestProject;
			productReference = 137B9056258334BC00300DC5 /* AppTestProject.app */;
			productType = "com.apple.product-type.application";
		};
		137B906B258334BD00300DC5 /* AppTestProjectTests */ = {
			isa = PBXNativeTarget;
			buildConfigurationList = 137B9083258334BD00300DC5 /* Build configuration list for PBXNativeTarget "AppTestProjectTests" */;
			buildPhases = (
				B4522C9249028EFEED77A4BA /* [CP] Check Pods Manifest.lock */,
				137B9068258334BD00300DC5 /* Sources */,
				137B9069258334BD00300DC5 /* Frameworks */,
				137B906A258334BD00300DC5 /* Resources */,
			);
			buildRules = (
			);
			dependencies = (
				137B906E258334BD00300DC5 /* PBXTargetDependency */,
			);
			name = AppTestProjectTests;
			productName = AppTestProjectTests;
			productReference = 137B906C258334BD00300DC5 /* AppTestProjectTests.xctest */;
			productType = "com.apple.product-type.bundle.unit-test";
		};
		137B9076258334BD00300DC5 /* AppTestProjectUITests */ = {
			isa = PBXNativeTarget;
			buildConfigurationList = 137B9086258334BD00300DC5 /* Build configuration list for PBXNativeTarget "AppTestProjectUITests" */;
			buildPhases = (
				634D0914B9DE44416A4E81EE /* [CP] Check Pods Manifest.lock */,
				137B9073258334BD00300DC5 /* Sources */,
				137B9074258334BD00300DC5 /* Frameworks */,
				137B9075258334BD00300DC5 /* Resources */,
				44805A85CEAB3B8D19C145DF /* [CP] Embed Pods Frameworks */,
			);
			buildRules = (
			);
			dependencies = (
				137B9079258334BD00300DC5 /* PBXTargetDependency */,
			);
			name = AppTestProjectUITests;
			productName = AppTestProjectUITests;
			productReference = 137B9077258334BD00300DC5 /* AppTestProjectUITests.xctest */;
			productType = "com.apple.product-type.bundle.ui-testing";
		};
/* End PBXNativeTarget section */

/* Begin PBXProject section */
		137B904E258334BC00300DC5 /* Project object */ = {
			isa = PBXProject;
			attributes = {
				LastSwiftUpdateCheck = 1170;
				LastUpgradeCheck = 1220;
				ORGANIZATIONNAME = lunightlab;
				TargetAttributes = {
					137B9055258334BC00300DC5 = {
						CreatedOnToolsVersion = 11.7;
					};
					137B906B258334BD00300DC5 = {
						CreatedOnToolsVersion = 11.7;
						TestTargetID = 137B9055258334BC00300DC5;
					};
					137B9076258334BD00300DC5 = {
						CreatedOnToolsVersion = 11.7;
						TestTargetID = 137B9055258334BC00300DC5;
					};
				};
			};
			buildConfigurationList = 137B9051258334BC00300DC5 /* Build configuration list for PBXProject "AppTestProject" */;
			compatibilityVersion = "Xcode 9.3";
			developmentRegion = en;
			hasScannedForEncodings = 0;
			knownRegions = (
				en,
				Base,
			);
			mainGroup = 137B904D258334BC00300DC5;
			productRefGroup = 137B9057258334BC00300DC5 /* Products */;
			projectDirPath = "";
			projectRoot = "";
			targets = (
				137B9055258334BC00300DC5 /* AppTestProject */,
				137B906B258334BD00300DC5 /* AppTestProjectTests */,
				137B9076258334BD00300DC5 /* AppTestProjectUITests */,
			);
		};
/* End PBXProject section */

/* Begin PBXResourcesBuildPhase section */
		137B9054258334BC00300DC5 /* Resources */ = {
			isa = PBXResourcesBuildPhase;
			buildActionMask = 2147483647;
			files = (
				137B9066258334BD00300DC5 /* LaunchScreen.storyboard in Resources */,
				13108F092586EC00003BFFD5 /* Color.xcassets in Resources */,
				137B9063258334BD00300DC5 /* Assets.xcassets in Resources */,
				137B9061258334BC00300DC5 /* Main.storyboard in Resources */,
				13108FC42587507E003BFFD5 /* lottie-developer.json in Resources */,
				13938A7C25887749000E2A3B /* LaunchSplashView.storyboard in Resources */,
			);
			runOnlyForDeploymentPostprocessing = 0;
		};
		137B906A258334BD00300DC5 /* Resources */ = {
			isa = PBXResourcesBuildPhase;
			buildActionMask = 2147483647;
			files = (
				B95A6E382591AD6000AB985E /* Main.storyboard in Resources */,
			);
			runOnlyForDeploymentPostprocessing = 0;
		};
		137B9075258334BD00300DC5 /* Resources */ = {
			isa = PBXResourcesBuildPhase;
			buildActionMask = 2147483647;
			files = (
				B95A6E342591AD5D00AB985E /* Main.storyboard in Resources */,
			);
			runOnlyForDeploymentPostprocessing = 0;
		};
/* End PBXResourcesBuildPhase section */

/* Begin PBXShellScriptBuildPhase section */
		13108F222586F2F6003BFFD5 /* ShellScript */ = {
			isa = PBXShellScriptBuildPhase;
			buildActionMask = 2147483647;
			files = (
			);
			inputFileListPaths = (
			);
			inputPaths = (
			);
			outputFileListPaths = (
			);
			outputPaths = (
			);
			runOnlyForDeploymentPostprocessing = 0;
			shellPath = /bin/sh;
			shellScript = "# Type a script or drag a script file from your workspace to insert its path.\n\n# Swift Gen(Color.xcassets)\nswiftgen xcassets ${TARGETNAME}/Resource/Color.xcassets -t swift4 --output \"${TARGETNAME}/Resource/Assets+Generated.swift\"\n\n";
		};
		44805A85CEAB3B8D19C145DF /* [CP] Embed Pods Frameworks */ = {
			isa = PBXShellScriptBuildPhase;
			buildActionMask = 2147483647;
			files = (
			);
			inputFileListPaths = (
				"${PODS_ROOT}/Target Support Files/Pods-AppTestProject-AppTestProjectUITests/Pods-AppTestProject-AppTestProjectUITests-frameworks-${CONFIGURATION}-input-files.xcfilelist",
			);
			name = "[CP] Embed Pods Frameworks";
			outputFileListPaths = (
				"${PODS_ROOT}/Target Support Files/Pods-AppTestProject-AppTestProjectUITests/Pods-AppTestProject-AppTestProjectUITests-frameworks-${CONFIGURATION}-output-files.xcfilelist",
			);
			runOnlyForDeploymentPostprocessing = 0;
			shellPath = /bin/sh;
			shellScript = "\"${PODS_ROOT}/Target Support Files/Pods-AppTestProject-AppTestProjectUITests/Pods-AppTestProject-AppTestProjectUITests-frameworks.sh\"\n";
			showEnvVarsInLog = 0;
		};
		4A4F5C048EAEE367EF6C9AB8 /* [CP] Embed Pods Frameworks */ = {
			isa = PBXShellScriptBuildPhase;
			buildActionMask = 2147483647;
			files = (
			);
			inputFileListPaths = (
				"${PODS_ROOT}/Target Support Files/Pods-AppTestProject/Pods-AppTestProject-frameworks-${CONFIGURATION}-input-files.xcfilelist",
			);
			name = "[CP] Embed Pods Frameworks";
			outputFileListPaths = (
				"${PODS_ROOT}/Target Support Files/Pods-AppTestProject/Pods-AppTestProject-frameworks-${CONFIGURATION}-output-files.xcfilelist",
			);
			runOnlyForDeploymentPostprocessing = 0;
			shellPath = /bin/sh;
			shellScript = "\"${PODS_ROOT}/Target Support Files/Pods-AppTestProject/Pods-AppTestProject-frameworks.sh\"\n";
			showEnvVarsInLog = 0;
		};
		5C2B01C03A8BA59176147185 /* [CP] Check Pods Manifest.lock */ = {
			isa = PBXShellScriptBuildPhase;
			buildActionMask = 2147483647;
			files = (
			);
			inputFileListPaths = (
			);
			inputPaths = (
				"${PODS_PODFILE_DIR_PATH}/Podfile.lock",
				"${PODS_ROOT}/Manifest.lock",
			);
			name = "[CP] Check Pods Manifest.lock";
			outputFileListPaths = (
			);
			outputPaths = (
				"$(DERIVED_FILE_DIR)/Pods-AppTestProject-checkManifestLockResult.txt",
			);
			runOnlyForDeploymentPostprocessing = 0;
			shellPath = /bin/sh;
			shellScript = "diff \"${PODS_PODFILE_DIR_PATH}/Podfile.lock\" \"${PODS_ROOT}/Manifest.lock\" > /dev/null\nif [ $? != 0 ] ; then\n    # print error to STDERR\n    echo \"error: The sandbox is not in sync with the Podfile.lock. Run 'pod install' or update your CocoaPods installation.\" >&2\n    exit 1\nfi\n# This output is used by Xcode 'outputs' to avoid re-running this script phase.\necho \"SUCCESS\" > \"${SCRIPT_OUTPUT_FILE_0}\"\n";
			showEnvVarsInLog = 0;
		};
		634D0914B9DE44416A4E81EE /* [CP] Check Pods Manifest.lock */ = {
			isa = PBXShellScriptBuildPhase;
			buildActionMask = 2147483647;
			files = (
			);
			inputFileListPaths = (
			);
			inputPaths = (
				"${PODS_PODFILE_DIR_PATH}/Podfile.lock",
				"${PODS_ROOT}/Manifest.lock",
			);
			name = "[CP] Check Pods Manifest.lock";
			outputFileListPaths = (
			);
			outputPaths = (
				"$(DERIVED_FILE_DIR)/Pods-AppTestProject-AppTestProjectUITests-checkManifestLockResult.txt",
			);
			runOnlyForDeploymentPostprocessing = 0;
			shellPath = /bin/sh;
			shellScript = "diff \"${PODS_PODFILE_DIR_PATH}/Podfile.lock\" \"${PODS_ROOT}/Manifest.lock\" > /dev/null\nif [ $? != 0 ] ; then\n    # print error to STDERR\n    echo \"error: The sandbox is not in sync with the Podfile.lock. Run 'pod install' or update your CocoaPods installation.\" >&2\n    exit 1\nfi\n# This output is used by Xcode 'outputs' to avoid re-running this script phase.\necho \"SUCCESS\" > \"${SCRIPT_OUTPUT_FILE_0}\"\n";
			showEnvVarsInLog = 0;
		};
		B4522C9249028EFEED77A4BA /* [CP] Check Pods Manifest.lock */ = {
			isa = PBXShellScriptBuildPhase;
			buildActionMask = 2147483647;
			files = (
			);
			inputFileListPaths = (
			);
			inputPaths = (
				"${PODS_PODFILE_DIR_PATH}/Podfile.lock",
				"${PODS_ROOT}/Manifest.lock",
			);
			name = "[CP] Check Pods Manifest.lock";
			outputFileListPaths = (
			);
			outputPaths = (
				"$(DERIVED_FILE_DIR)/Pods-AppTestProjectTests-checkManifestLockResult.txt",
			);
			runOnlyForDeploymentPostprocessing = 0;
			shellPath = /bin/sh;
			shellScript = "diff \"${PODS_PODFILE_DIR_PATH}/Podfile.lock\" \"${PODS_ROOT}/Manifest.lock\" > /dev/null\nif [ $? != 0 ] ; then\n    # print error to STDERR\n    echo \"error: The sandbox is not in sync with the Podfile.lock. Run 'pod install' or update your CocoaPods installation.\" >&2\n    exit 1\nfi\n# This output is used by Xcode 'outputs' to avoid re-running this script phase.\necho \"SUCCESS\" > \"${SCRIPT_OUTPUT_FILE_0}\"\n";
			showEnvVarsInLog = 0;
		};
/* End PBXShellScriptBuildPhase section */

/* Begin PBXSourcesBuildPhase section */
		137B9052258334BC00300DC5 /* Sources */ = {
			isa = PBXSourcesBuildPhase;
			buildActionMask = 2147483647;
			files = (
				B9A826FE2599BF20008258A0 /* WebViewModel.swift in Sources */,
				13108F6A25871DEB003BFFD5 /* TraceLog.swift in Sources */,
				B92586F4259AF67F008DC9A2 /* Reachability.swift in Sources */,
				B9A827132599CA5E008258A0 /* TestListModel.swift in Sources */,
				B9A827032599BF29008258A0 /* WebModel.swift in Sources */,
				13108F332586F409003BFFD5 /* Extensions.swift in Sources */,
				B9AD90632594516300DFB5B9 /* MainViewModel.swift in Sources */,
				13938A82258877AA000E2A3B /* LaunchSplashView.swift in Sources */,
				137B905E258334BC00300DC5 /* MainViewController.swift in Sources */,
				13108F532586F93F003BFFD5 /* Assets+Generated.swift in Sources */,
				137B905A258334BC00300DC5 /* AppDelegate.swift in Sources */,
				B9A826F62599BEDE008258A0 /* WebViewController.swift in Sources */,
				B9A8270E2599CA52008258A0 /* TestListViewModel.swift in Sources */,
				137B908A2583452500300DC5 /* Year.swift in Sources */,
				B9A827092599CA43008258A0 /* TestListViewController.swift in Sources */,
				13938ABA258898DE000E2A3B /* ToastMessage.swift in Sources */,
				137B905C258334BC00300DC5 /* SceneDelegate.swift in Sources */,
				B9411D302593183300F9945D /* DeviceInfo.swift in Sources */,
				B92586EF259AB91E008DC9A2 /* AppVersionCheck.swift in Sources */,
			);
			runOnlyForDeploymentPostprocessing = 0;
		};
		137B9068258334BD00300DC5 /* Sources */ = {
			isa = PBXSourcesBuildPhase;
			buildActionMask = 2147483647;
			files = (
				137B9071258334BD00300DC5 /* AppTestProjectTests.swift in Sources */,
			);
			runOnlyForDeploymentPostprocessing = 0;
		};
		137B9073258334BD00300DC5 /* Sources */ = {
			isa = PBXSourcesBuildPhase;
			buildActionMask = 2147483647;
			files = (
				137B907C258334BD00300DC5 /* AppTestProjectUITests.swift in Sources */,
			);
			runOnlyForDeploymentPostprocessing = 0;
		};
/* End PBXSourcesBuildPhase section */

/* Begin PBXTargetDependency section */
		137B906E258334BD00300DC5 /* PBXTargetDependency */ = {
			isa = PBXTargetDependency;
			target = 137B9055258334BC00300DC5 /* AppTestProject */;
			targetProxy = 137B906D258334BD00300DC5 /* PBXContainerItemProxy */;
		};
		137B9079258334BD00300DC5 /* PBXTargetDependency */ = {
			isa = PBXTargetDependency;
			target = 137B9055258334BC00300DC5 /* AppTestProject */;
			targetProxy = 137B9078258334BD00300DC5 /* PBXContainerItemProxy */;
		};
/* End PBXTargetDependency section */

/* Begin PBXVariantGroup section */
		137B905F258334BC00300DC5 /* Main.storyboard */ = {
			isa = PBXVariantGroup;
			children = (
				137B9060258334BC00300DC5 /* Base */,
			);
			name = Main.storyboard;
			sourceTree = "<group>";
		};
		137B9064258334BD00300DC5 /* LaunchScreen.storyboard */ = {
			isa = PBXVariantGroup;
			children = (
				137B9065258334BD00300DC5 /* Base */,
			);
			name = LaunchScreen.storyboard;
			sourceTree = "<group>";
		};
/* End PBXVariantGroup section */

/* Begin XCBuildConfiguration section */
		137B907E258334BD00300DC5 /* Debug */ = {
			isa = XCBuildConfiguration;
			buildSettings = {
				ALWAYS_SEARCH_USER_PATHS = NO;
				CLANG_ANALYZER_NONNULL = YES;
				CLANG_ANALYZER_NUMBER_OBJECT_CONVERSION = YES_AGGRESSIVE;
				CLANG_CXX_LANGUAGE_STANDARD = "gnu++14";
				CLANG_CXX_LIBRARY = "libc++";
				CLANG_ENABLE_MODULES = YES;
				CLANG_ENABLE_OBJC_ARC = YES;
				CLANG_ENABLE_OBJC_WEAK = YES;
				CLANG_WARN_BLOCK_CAPTURE_AUTORELEASING = YES;
				CLANG_WARN_BOOL_CONVERSION = YES;
				CLANG_WARN_COMMA = YES;
				CLANG_WARN_CONSTANT_CONVERSION = YES;
				CLANG_WARN_DEPRECATED_OBJC_IMPLEMENTATIONS = YES;
				CLANG_WARN_DIRECT_OBJC_ISA_USAGE = YES_ERROR;
				CLANG_WARN_DOCUMENTATION_COMMENTS = YES;
				CLANG_WARN_EMPTY_BODY = YES;
				CLANG_WARN_ENUM_CONVERSION = YES;
				CLANG_WARN_INFINITE_RECURSION = YES;
				CLANG_WARN_INT_CONVERSION = YES;
				CLANG_WARN_NON_LITERAL_NULL_CONVERSION = YES;
				CLANG_WARN_OBJC_IMPLICIT_RETAIN_SELF = YES;
				CLANG_WARN_OBJC_LITERAL_CONVERSION = YES;
				CLANG_WARN_OBJC_ROOT_CLASS = YES_ERROR;
				CLANG_WARN_QUOTED_INCLUDE_IN_FRAMEWORK_HEADER = YES;
				CLANG_WARN_RANGE_LOOP_ANALYSIS = YES;
				CLANG_WARN_STRICT_PROTOTYPES = YES;
				CLANG_WARN_SUSPICIOUS_MOVE = YES;
				CLANG_WARN_UNGUARDED_AVAILABILITY = YES_AGGRESSIVE;
				CLANG_WARN_UNREACHABLE_CODE = YES;
				CLANG_WARN__DUPLICATE_METHOD_MATCH = YES;
				COPY_PHASE_STRIP = NO;
				DEBUG_INFORMATION_FORMAT = dwarf;
				ENABLE_STRICT_OBJC_MSGSEND = YES;
				ENABLE_TESTABILITY = YES;
				GCC_C_LANGUAGE_STANDARD = gnu11;
				GCC_DYNAMIC_NO_PIC = NO;
				GCC_NO_COMMON_BLOCKS = YES;
				GCC_OPTIMIZATION_LEVEL = 0;
				GCC_PREPROCESSOR_DEFINITIONS = (
					"DEBUG=1",
					"$(inherited)",
				);
				GCC_WARN_64_TO_32_BIT_CONVERSION = YES;
				GCC_WARN_ABOUT_RETURN_TYPE = YES_ERROR;
				GCC_WARN_UNDECLARED_SELECTOR = YES;
				GCC_WARN_UNINITIALIZED_AUTOS = YES_AGGRESSIVE;
				GCC_WARN_UNUSED_FUNCTION = YES;
				GCC_WARN_UNUSED_VARIABLE = YES;
				IPHONEOS_DEPLOYMENT_TARGET = 12.0;
				MTL_ENABLE_DEBUG_INFO = INCLUDE_SOURCE;
				MTL_FAST_MATH = YES;
				ONLY_ACTIVE_ARCH = YES;
				SDKROOT = iphoneos;
				SWIFT_ACTIVE_COMPILATION_CONDITIONS = DEBUG;
				SWIFT_OPTIMIZATION_LEVEL = "-Onone";
			};
			name = Debug;
		};
		137B907F258334BD00300DC5 /* Release */ = {
			isa = XCBuildConfiguration;
			buildSettings = {
				ALWAYS_SEARCH_USER_PATHS = NO;
				CLANG_ANALYZER_NONNULL = YES;
				CLANG_ANALYZER_NUMBER_OBJECT_CONVERSION = YES_AGGRESSIVE;
				CLANG_CXX_LANGUAGE_STANDARD = "gnu++14";
				CLANG_CXX_LIBRARY = "libc++";
				CLANG_ENABLE_MODULES = YES;
				CLANG_ENABLE_OBJC_ARC = YES;
				CLANG_ENABLE_OBJC_WEAK = YES;
				CLANG_WARN_BLOCK_CAPTURE_AUTORELEASING = YES;
				CLANG_WARN_BOOL_CONVERSION = YES;
				CLANG_WARN_COMMA = YES;
				CLANG_WARN_CONSTANT_CONVERSION = YES;
				CLANG_WARN_DEPRECATED_OBJC_IMPLEMENTATIONS = YES;
				CLANG_WARN_DIRECT_OBJC_ISA_USAGE = YES_ERROR;
				CLANG_WARN_DOCUMENTATION_COMMENTS = YES;
				CLANG_WARN_EMPTY_BODY = YES;
				CLANG_WARN_ENUM_CONVERSION = YES;
				CLANG_WARN_INFINITE_RECURSION = YES;
				CLANG_WARN_INT_CONVERSION = YES;
				CLANG_WARN_NON_LITERAL_NULL_CONVERSION = YES;
				CLANG_WARN_OBJC_IMPLICIT_RETAIN_SELF = YES;
				CLANG_WARN_OBJC_LITERAL_CONVERSION = YES;
				CLANG_WARN_OBJC_ROOT_CLASS = YES_ERROR;
				CLANG_WARN_QUOTED_INCLUDE_IN_FRAMEWORK_HEADER = YES;
				CLANG_WARN_RANGE_LOOP_ANALYSIS = YES;
				CLANG_WARN_STRICT_PROTOTYPES = YES;
				CLANG_WARN_SUSPICIOUS_MOVE = YES;
				CLANG_WARN_UNGUARDED_AVAILABILITY = YES_AGGRESSIVE;
				CLANG_WARN_UNREACHABLE_CODE = YES;
				CLANG_WARN__DUPLICATE_METHOD_MATCH = YES;
				COPY_PHASE_STRIP = NO;
				DEBUG_INFORMATION_FORMAT = "dwarf-with-dsym";
				ENABLE_NS_ASSERTIONS = NO;
				ENABLE_STRICT_OBJC_MSGSEND = YES;
				GCC_C_LANGUAGE_STANDARD = gnu11;
				GCC_NO_COMMON_BLOCKS = YES;
				GCC_WARN_64_TO_32_BIT_CONVERSION = YES;
				GCC_WARN_ABOUT_RETURN_TYPE = YES_ERROR;
				GCC_WARN_UNDECLARED_SELECTOR = YES;
				GCC_WARN_UNINITIALIZED_AUTOS = YES_AGGRESSIVE;
				GCC_WARN_UNUSED_FUNCTION = YES;
				GCC_WARN_UNUSED_VARIABLE = YES;
				IPHONEOS_DEPLOYMENT_TARGET = 12.0;
				MTL_ENABLE_DEBUG_INFO = NO;
				MTL_FAST_MATH = YES;
				SDKROOT = iphoneos;
				SWIFT_COMPILATION_MODE = wholemodule;
				SWIFT_OPTIMIZATION_LEVEL = "-O";
				VALIDATE_PRODUCT = YES;
			};
			name = Release;
		};
		137B9081258334BD00300DC5 /* Debug */ = {
			isa = XCBuildConfiguration;
			baseConfigurationReference = 4B5907F57404DB42C991B016 /* Pods-AppTestProject.debug.xcconfig */;
			buildSettings = {
				ASSETCATALOG_COMPILER_APPICON_NAME = AppIcon;
				CODE_SIGN_STYLE = Automatic;
				DEVELOPMENT_TEAM = 9CVVH3QC5W;
				INFOPLIST_FILE = AppTestProject/Info.plist;
				LD_RUNPATH_SEARCH_PATHS = (
					"$(inherited)",
					"@executable_path/Frameworks",
				);
				PRODUCT_BUNDLE_IDENTIFIER = lab.lunightlab.AppTestProject;
				PRODUCT_NAME = "$(TARGET_NAME)";
				SWIFT_VERSION = 5.0;
				TARGETED_DEVICE_FAMILY = 1;
			};
			name = Debug;
		};
		137B9082258334BD00300DC5 /* Release */ = {
			isa = XCBuildConfiguration;
			baseConfigurationReference = 84ECBBD4303B454E0E447453 /* Pods-AppTestProject.release.xcconfig */;
			buildSettings = {
				ASSETCATALOG_COMPILER_APPICON_NAME = AppIcon;
				CODE_SIGN_STYLE = Automatic;
				DEVELOPMENT_TEAM = 9CVVH3QC5W;
				INFOPLIST_FILE = AppTestProject/Info.plist;
				LD_RUNPATH_SEARCH_PATHS = (
					"$(inherited)",
					"@executable_path/Frameworks",
				);
				PRODUCT_BUNDLE_IDENTIFIER = lab.lunightlab.AppTestProject;
				PRODUCT_NAME = "$(TARGET_NAME)";
				SWIFT_VERSION = 5.0;
				TARGETED_DEVICE_FAMILY = 1;
			};
			name = Release;
		};
		137B9084258334BD00300DC5 /* Debug */ = {
			isa = XCBuildConfiguration;
			baseConfigurationReference = 6D87316BB4D86903CB4E3A15 /* Pods-AppTestProjectTests.debug.xcconfig */;
			buildSettings = {
				ALWAYS_EMBED_SWIFT_STANDARD_LIBRARIES = YES;
				BUNDLE_LOADER = "$(TEST_HOST)";
				CODE_SIGN_STYLE = Automatic;
				DEVELOPMENT_TEAM = 9CVVH3QC5W;
				INFOPLIST_FILE = AppTestProjectTests/Info.plist;
				IPHONEOS_DEPLOYMENT_TARGET = 13.7;
				LD_RUNPATH_SEARCH_PATHS = (
					"$(inherited)",
					"@executable_path/Frameworks",
					"@loader_path/Frameworks",
				);
				PRODUCT_BUNDLE_IDENTIFIER = lab.lunightlab.AppTestProjectTests;
				PRODUCT_NAME = "$(TARGET_NAME)";
				SWIFT_VERSION = 5.0;
				TARGETED_DEVICE_FAMILY = "1,2";
				TEST_HOST = "$(BUILT_PRODUCTS_DIR)/AppTestProject.app/AppTestProject";
			};
			name = Debug;
		};
		137B9085258334BD00300DC5 /* Release */ = {
			isa = XCBuildConfiguration;
			baseConfigurationReference = A5391159E321CCEEC0D162CC /* Pods-AppTestProjectTests.release.xcconfig */;
			buildSettings = {
				ALWAYS_EMBED_SWIFT_STANDARD_LIBRARIES = YES;
				BUNDLE_LOADER = "$(TEST_HOST)";
				CODE_SIGN_STYLE = Automatic;
				DEVELOPMENT_TEAM = 9CVVH3QC5W;
				INFOPLIST_FILE = AppTestProjectTests/Info.plist;
				IPHONEOS_DEPLOYMENT_TARGET = 13.7;
				LD_RUNPATH_SEARCH_PATHS = (
					"$(inherited)",
					"@executable_path/Frameworks",
					"@loader_path/Frameworks",
				);
				PRODUCT_BUNDLE_IDENTIFIER = lab.lunightlab.AppTestProjectTests;
				PRODUCT_NAME = "$(TARGET_NAME)";
				SWIFT_VERSION = 5.0;
				TARGETED_DEVICE_FAMILY = "1,2";
				TEST_HOST = "$(BUILT_PRODUCTS_DIR)/AppTestProject.app/AppTestProject";
			};
			name = Release;
		};
		137B9087258334BD00300DC5 /* Debug */ = {
			isa = XCBuildConfiguration;
			baseConfigurationReference = DF30ACD64AA8ADF82A07EBDF /* Pods-AppTestProject-AppTestProjectUITests.debug.xcconfig */;
			buildSettings = {
				ALWAYS_EMBED_SWIFT_STANDARD_LIBRARIES = YES;
				CODE_SIGN_STYLE = Automatic;
				DEVELOPMENT_TEAM = 9CVVH3QC5W;
				INFOPLIST_FILE = AppTestProjectUITests/Info.plist;
				LD_RUNPATH_SEARCH_PATHS = (
					"$(inherited)",
					"@executable_path/Frameworks",
					"@loader_path/Frameworks",
				);
				PRODUCT_BUNDLE_IDENTIFIER = lab.lunightlab.AppTestProjectUITests;
				PRODUCT_NAME = "$(TARGET_NAME)";
				SWIFT_VERSION = 5.0;
				TARGETED_DEVICE_FAMILY = "1,2";
				TEST_TARGET_NAME = AppTestProject;
			};
			name = Debug;
		};
		137B9088258334BD00300DC5 /* Release */ = {
			isa = XCBuildConfiguration;
			baseConfigurationReference = 1D9BEA6191BDC47F02480A34 /* Pods-AppTestProject-AppTestProjectUITests.release.xcconfig */;
			buildSettings = {
				ALWAYS_EMBED_SWIFT_STANDARD_LIBRARIES = YES;
				CODE_SIGN_STYLE = Automatic;
				DEVELOPMENT_TEAM = 9CVVH3QC5W;
				INFOPLIST_FILE = AppTestProjectUITests/Info.plist;
				LD_RUNPATH_SEARCH_PATHS = (
					"$(inherited)",
					"@executable_path/Frameworks",
					"@loader_path/Frameworks",
				);
				PRODUCT_BUNDLE_IDENTIFIER = lab.lunightlab.AppTestProjectUITests;
				PRODUCT_NAME = "$(TARGET_NAME)";
				SWIFT_VERSION = 5.0;
				TARGETED_DEVICE_FAMILY = "1,2";
				TEST_TARGET_NAME = AppTestProject;
			};
			name = Release;
		};
/* End XCBuildConfiguration section */

/* Begin XCConfigurationList section */
		137B9051258334BC00300DC5 /* Build configuration list for PBXProject "AppTestProject" */ = {
			isa = XCConfigurationList;
			buildConfigurations = (
				137B907E258334BD00300DC5 /* Debug */,
				137B907F258334BD00300DC5 /* Release */,
			);
			defaultConfigurationIsVisible = 0;
			defaultConfigurationName = Release;
		};
		137B9080258334BD00300DC5 /* Build configuration list for PBXNativeTarget "AppTestProject" */ = {
			isa = XCConfigurationList;
			buildConfigurations = (
				137B9081258334BD00300DC5 /* Debug */,
				137B9082258334BD00300DC5 /* Release */,
			);
			defaultConfigurationIsVisible = 0;
			defaultConfigurationName = Release;
		};
		137B9083258334BD00300DC5 /* Build configuration list for PBXNativeTarget "AppTestProjectTests" */ = {
			isa = XCConfigurationList;
			buildConfigurations = (
				137B9084258334BD00300DC5 /* Debug */,
				137B9085258334BD00300DC5 /* Release */,
			);
			defaultConfigurationIsVisible = 0;
			defaultConfigurationName = Release;
		};
		137B9086258334BD00300DC5 /* Build configuration list for PBXNativeTarget "AppTestProjectUITests" */ = {
			isa = XCConfigurationList;
			buildConfigurations = (
				137B9087258334BD00300DC5 /* Debug */,
				137B9088258334BD00300DC5 /* Release */,
			);
			defaultConfigurationIsVisible = 0;
			defaultConfigurationName = Release;
		};
/* End XCConfigurationList section */
	};
	rootObject = 137B904E258334BC00300DC5 /* Project object */;
}
